
Microsoft Visual Studio Solution File, Format Version 12.00
# Visual Studio Version 16
VisualStudioVersion = 16.0.30804.86
MinimumVisualStudioVersion = 10.0.40219.1
Project("{FAE04EC0-301F-11D3-BF4B-00C04F79EFBC}") = "AZ204-Demo-API", "AZ204-Demo-API\AZ204-Demo-API.csproj", "{B8810ABE-67C7-4020-8C83-C4579B758C84}"
EndProject
Global
	GlobalSection(SolutionConfigurationPlatforms) = preSolution
		Debug|Any CPU = Debug|Any CPU
		Release|Any CPU = Release|Any CPU
	EndGlobalSection
	GlobalSection(ProjectConfigurationPlatforms) = postSolution
		{B8810ABE-67C7-4020-8C83-C4579B758C84}.Debug|Any CPU.ActiveCfg = Debug|Any CPU
		{B8810ABE-67C7-4020-8C83-C4579B758C84}.Debug|Any CPU.Build.0 = Debug|Any CPU
		{B8810ABE-67C7-4020-8C83-C4579B758C84}.Release|Any CPU.ActiveCfg = Release|Any CPU
		{B8810ABE-67C7-4020-8C83-C4579B758C84}.Release|Any CPU.Build.0 = Release|Any CPU
	EndGlobalSection
	GlobalSection(SolutionProperties) = preSolution
		HideSolutionNode = FALSE
	EndGlobalSection
	GlobalSection(ExtensibilityGlobals) = postSolution
		SolutionGuid = {FB450908-E227-4F58-A8D6-3E35DD52C887}
	EndGlobalSection
EndGlobal
